// !$*UTF8*$!
{
	archiveVersion = 1;
	classes = {
	};
	objectVersion = 56;
	objects = {

/* Begin PBXBuildFile section */
		A0FA023A2D4241B600DAAE68 /* SuperHeroesTCAApp.swift in Sources */ = {isa = PBXBuildFile; fileRef = A0FA02392D4241B600DAAE68 /* SuperHeroesTCAApp.swift */; };
		A0FA023C2D4241D400DAAE68 /* AppState.swift in Sources */ = {isa = PBXBuildFile; fileRef = A0FA023B2D4241D400DAAE68 /* AppState.swift */; };
		A0FA023E2D4241E400DAAE68 /* AppAction.swift in Sources */ = {isa = PBXBuildFile; fileRef = A0FA023D2D4241E400DAAE68 /* AppAction.swift */; };
		A0FA02402D4241ED00DAAE68 /* AppReducer.swift in Sources */ = {isa = PBXBuildFile; fileRef = A0FA023F2D4241ED00DAAE68 /* AppReducer.swift */; };
		A0FA02422D4241F500DAAE68 /* AppEnvironment.swift in Sources */ = {isa = PBXBuildFile; fileRef = A0FA02412D4241F500DAAE68 /* AppEnvironment.swift */; };
		A0FA02452D42422200DAAE68 /* HeroesListState.swift in Sources */ = {isa = PBXBuildFile; fileRef = A0FA02442D42422200DAAE68 /* HeroesListState.swift */; };
		A0FA02472D42422A00DAAE68 /* HeroesListAction.swift in Sources */ = {isa = PBXBuildFile; fileRef = A0FA02462D42422A00DAAE68 /* HeroesListAction.swift */; };
		A0FA02492D42423500DAAE68 /* HeroesListReducer.swift in Sources */ = {isa = PBXBuildFile; fileRef = A0FA02482D42423500DAAE68 /* HeroesListReducer.swift */; };
		A0FA024B2D42423D00DAAE68 /* HeroesListView.swift in Sources */ = {isa = PBXBuildFile; fileRef = A0FA024A2D42423D00DAAE68 /* HeroesListView.swift */; };
		A0FA024D2D42424700DAAE68 /* HeroesListEnvironment.swift in Sources */ = {isa = PBXBuildFile; fileRef = A0FA024C2D42424700DAAE68 /* HeroesListEnvironment.swift */; };
		A0FA024F2D42424E00DAAE68 /* FavoritesState.swift in Sources */ = {isa = PBXBuildFile; fileRef = A0FA024E2D42424E00DAAE68 /* FavoritesState.swift */; };
		A0FA02512D42425600DAAE68 /* FavoritesAction.swift in Sources */ = {isa = PBXBuildFile; fileRef = A0FA02502D42425600DAAE68 /* FavoritesAction.swift */; };
		A0FA02532D42425F00DAAE68 /* FavoritesReducer.swift in Sources */ = {isa = PBXBuildFile; fileRef = A0FA02522D42425F00DAAE68 /* FavoritesReducer.swift */; };
		A0FA02552D42426700DAAE68 /* FavoritesView.swift in Sources */ = {isa = PBXBuildFile; fileRef = A0FA02542D42426700DAAE68 /* FavoritesView.swift */; };
		A0FA02572D42426D00DAAE68 /* FavoritesEnvironment.swift in Sources */ = {isa = PBXBuildFile; fileRef = A0FA02562D42426D00DAAE68 /* FavoritesEnvironment.swift */; };
		A0FA02592D42427300DAAE68 /* NetworkManager.swift in Sources */ = {isa = PBXBuildFile; fileRef = A0FA02582D42427300DAAE68 /* NetworkManager.swift */; };
		A0FA025B2D42427900DAAE68 /* SuperheroInfo.swift in Sources */ = {isa = PBXBuildFile; fileRef = A0FA025A2D42427900DAAE68 /* SuperheroInfo.swift */; };
		A0FA025D2D4242A000DAAE68 /* Link.swift in Sources */ = {isa = PBXBuildFile; fileRef = A0FA025C2D4242A000DAAE68 /* Link.swift */; };
		A0FA02602D4245AA00DAAE68 /* HeroesListReducerTests.swift in Sources */ = {isa = PBXBuildFile; fileRef = A0FA025F2D4245AA00DAAE68 /* HeroesListReducerTests.swift */; };
		A0FA02622D4245C600DAAE68 /* FavoritesReducerTests.swift in Sources */ = {isa = PBXBuildFile; fileRef = A0FA02612D4245C600DAAE68 /* FavoritesReducerTests.swift */; };
/* End PBXBuildFile section */

/* Begin PBXFileReference section */
		A0080E482BCA9A6400A26338 /* SuperHeroesSUI.app */ = {isa = PBXFileReference; explicitFileType = wrapper.application; includeInIndex = 0; path = SuperHeroesSUI.app; sourceTree = BUILT_PRODUCTS_DIR; };
		A0FA02392D4241B600DAAE68 /* SuperHeroesTCAApp.swift */ = {isa = PBXFileReference; lastKnownFileType = sourcecode.swift; path = SuperHeroesTCAApp.swift; sourceTree = "<group>"; };
		A0FA023B2D4241D400DAAE68 /* AppState.swift */ = {isa = PBXFileReference; lastKnownFileType = sourcecode.swift; path = AppState.swift; sourceTree = "<group>"; };
		A0FA023D2D4241E400DAAE68 /* AppAction.swift */ = {isa = PBXFileReference; lastKnownFileType = sourcecode.swift; path = AppAction.swift; sourceTree = "<group>"; };
		A0FA023F2D4241ED00DAAE68 /* AppReducer.swift */ = {isa = PBXFileReference; lastKnownFileType = sourcecode.swift; path = AppReducer.swift; sourceTree = "<group>"; };
		A0FA02412D4241F500DAAE68 /* AppEnvironment.swift */ = {isa = PBXFileReference; lastKnownFileType = sourcecode.swift; path = AppEnvironment.swift; sourceTree = "<group>"; };
		A0FA02442D42422200DAAE68 /* HeroesListState.swift */ = {isa = PBXFileReference; lastKnownFileType = sourcecode.swift; path = HeroesListState.swift; sourceTree = "<group>"; };
		A0FA02462D42422A00DAAE68 /* HeroesListAction.swift */ = {isa = PBXFileReference; lastKnownFileType = sourcecode.swift; path = HeroesListAction.swift; sourceTree = "<group>"; };
		A0FA02482D42423500DAAE68 /* HeroesListReducer.swift */ = {isa = PBXFileReference; lastKnownFileType = sourcecode.swift; path = HeroesListReducer.swift; sourceTree = "<group>"; };
		A0FA024A2D42423D00DAAE68 /* HeroesListView.swift */ = {isa = PBXFileReference; lastKnownFileType = sourcecode.swift; path = HeroesListView.swift; sourceTree = "<group>"; };
		A0FA024C2D42424700DAAE68 /* HeroesListEnvironment.swift */ = {isa = PBXFileReference; lastKnownFileType = sourcecode.swift; path = HeroesListEnvironment.swift; sourceTree = "<group>"; };
		A0FA024E2D42424E00DAAE68 /* FavoritesState.swift */ = {isa = PBXFileReference; lastKnownFileType = sourcecode.swift; path = FavoritesState.swift; sourceTree = "<group>"; };
		A0FA02502D42425600DAAE68 /* FavoritesAction.swift */ = {isa = PBXFileReference; lastKnownFileType = sourcecode.swift; path = FavoritesAction.swift; sourceTree = "<group>"; };
		A0FA02522D42425F00DAAE68 /* FavoritesReducer.swift */ = {isa = PBXFileReference; lastKnownFileType = sourcecode.swift; path = FavoritesReducer.swift; sourceTree = "<group>"; };
		A0FA02542D42426700DAAE68 /* FavoritesView.swift */ = {isa = PBXFileReference; lastKnownFileType = sourcecode.swift; path = FavoritesView.swift; sourceTree = "<group>"; };
		A0FA02562D42426D00DAAE68 /* FavoritesEnvironment.swift */ = {isa = PBXFileReference; lastKnownFileType = sourcecode.swift; path = FavoritesEnvironment.swift; sourceTree = "<group>"; };
		A0FA02582D42427300DAAE68 /* NetworkManager.swift */ = {isa = PBXFileReference; lastKnownFileType = sourcecode.swift; path = NetworkManager.swift; sourceTree = "<group>"; };
		A0FA025A2D42427900DAAE68 /* SuperheroInfo.swift */ = {isa = PBXFileReference; lastKnownFileType = sourcecode.swift; path = SuperheroInfo.swift; sourceTree = "<group>"; };
		A0FA025C2D4242A000DAAE68 /* Link.swift */ = {isa = PBXFileReference; lastKnownFileType = sourcecode.swift; path = Link.swift; sourceTree = "<group>"; };
		A0FA025F2D4245AA00DAAE68 /* HeroesListReducerTests.swift */ = {isa = PBXFileReference; lastKnownFileType = sourcecode.swift; path = HeroesListReducerTests.swift; sourceTree = "<group>"; };
		A0FA02612D4245C600DAAE68 /* FavoritesReducerTests.swift */ = {isa = PBXFileReference; lastKnownFileType = sourcecode.swift; path = FavoritesReducerTests.swift; sourceTree = "<group>"; };
/* End PBXFileReference section */

/* Begin PBXFrameworksBuildPhase section */
		A0080E452BCA9A6400A26338 /* Frameworks */ = {
			isa = PBXFrameworksBuildPhase;
			buildActionMask = 2147483647;
			files = (
			);
			runOnlyForDeploymentPostprocessing = 0;
		};
/* End PBXFrameworksBuildPhase section */

/* Begin PBXGroup section */
		A0080E3F2BCA9A6400A26338 = {
			isa = PBXGroup;
			children = (
				A0FA02322D42412D00DAAE68 /* SuperHeroesTCA */,
				A0FA025E2D42459800DAAE68 /* Tests */,
				A0080E492BCA9A6400A26338 /* Products */,
			);
			sourceTree = "<group>";
		};
		A0080E492BCA9A6400A26338 /* Products */ = {
			isa = PBXGroup;
			children = (
				A0080E482BCA9A6400A26338 /* SuperHeroesSUI.app */,
			);
			name = Products;
			sourceTree = "<group>";
		};
		A0FA02322D42412D00DAAE68 /* SuperHeroesTCA */ = {
			isa = PBXGroup;
			children = (
				A0FA02332D42413A00DAAE68 /* App */,
				A0FA02342D42414200DAAE68 /* Features */,
				A0FA02362D42417000DAAE68 /* Core */,
				A0FA02372D42417400DAAE68 /* Resources */,
			);
			path = SuperHeroesTCA;
			sourceTree = "<group>";
		};
		A0FA02332D42413A00DAAE68 /* App */ = {
			isa = PBXGroup;
			children = (
				A0FA02392D4241B600DAAE68 /* SuperHeroesTCAApp.swift */,
				A0FA023B2D4241D400DAAE68 /* AppState.swift */,
				A0FA023D2D4241E400DAAE68 /* AppAction.swift */,
				A0FA023F2D4241ED00DAAE68 /* AppReducer.swift */,
				A0FA02412D4241F500DAAE68 /* AppEnvironment.swift */,
			);
			name = App;
			sourceTree = "<group>";
		};
		A0FA02342D42414200DAAE68 /* Features */ = {
			isa = PBXGroup;
			children = (
				A0FA02432D42420F00DAAE68 /* HeroesList */,
				A0FA02352D42416500DAAE68 /* Favorites */,
			);
			name = Features;
			sourceTree = "<group>";
		};
		A0FA02352D42416500DAAE68 /* Favorites */ = {
			isa = PBXGroup;
			children = (
				A0FA024E2D42424E00DAAE68 /* FavoritesState.swift */,
				A0FA02502D42425600DAAE68 /* FavoritesAction.swift */,
				A0FA02522D42425F00DAAE68 /* FavoritesReducer.swift */,
				A0FA02542D42426700DAAE68 /* FavoritesView.swift */,
				A0FA02562D42426D00DAAE68 /* FavoritesEnvironment.swift */,
			);
			name = Favorites;
			sourceTree = "<group>";
		};
		A0FA02362D42417000DAAE68 /* Core */ = {
			isa = PBXGroup;
			children = (
				A0FA02582D42427300DAAE68 /* NetworkManager.swift */,
				A0FA025A2D42427900DAAE68 /* SuperheroInfo.swift */,
				A0FA025C2D4242A000DAAE68 /* Link.swift */,
			);
			name = Core;
			sourceTree = "<group>";
		};
		A0FA02372D42417400DAAE68 /* Resources */ = {
			isa = PBXGroup;
			children = (
			);
			name = Resources;
			sourceTree = "<group>";
		};
		A0FA02432D42420F00DAAE68 /* HeroesList */ = {
			isa = PBXGroup;
			children = (
				A0FA02442D42422200DAAE68 /* HeroesListState.swift */,
				A0FA02462D42422A00DAAE68 /* HeroesListAction.swift */,
				A0FA02482D42423500DAAE68 /* HeroesListReducer.swift */,
				A0FA024A2D42423D00DAAE68 /* HeroesListView.swift */,
				A0FA024C2D42424700DAAE68 /* HeroesListEnvironment.swift */,
			);
			name = HeroesList;
			sourceTree = "<group>";
		};
		A0FA025E2D42459800DAAE68 /* Tests */ = {
			isa = PBXGroup;
			children = (
				A0FA025F2D4245AA00DAAE68 /* HeroesListReducerTests.swift */,
				A0FA02612D4245C600DAAE68 /* FavoritesReducerTests.swift */,
			);
			name = Tests;
			path = SuperHeroesTCA;
			sourceTree = "<group>";
		};
/* End PBXGroup section */

/* Begin PBXNativeTarget section */
		A0080E472BCA9A6400A26338 /* SuperHeroesSUI */ = {
			isa = PBXNativeTarget;
			buildConfigurationList = A0080E562BCA9A6500A26338 /* Build configuration list for PBXNativeTarget "SuperHeroesSUI" */;
			buildPhases = (
				A0080E442BCA9A6400A26338 /* Sources */,
				A0080E452BCA9A6400A26338 /* Frameworks */,
				A0080E462BCA9A6400A26338 /* Resources */,
			);
			buildRules = (
			);
			dependencies = (
			);
			name = SuperHeroesSUI;
			productName = SuperHeroesSUI;
			productReference = A0080E482BCA9A6400A26338 /* SuperHeroesSUI.app */;
			productType = "com.apple.product-type.application";
		};
/* End PBXNativeTarget section */

/* Begin PBXProject section */
		A0080E402BCA9A6400A26338 /* Project object */ = {
			isa = PBXProject;
			attributes = {
				BuildIndependentTargetsInParallel = 1;
				LastSwiftUpdateCheck = 1530;
				LastUpgradeCheck = 1530;
				TargetAttributes = {
					A0080E472BCA9A6400A26338 = {
						CreatedOnToolsVersion = 15.3;
						LastSwiftMigration = 1530;
					};
				};
			};
			buildConfigurationList = A0080E432BCA9A6400A26338 /* Build configuration list for PBXProject "SuperHeroesSUI" */;
			compatibilityVersion = "Xcode 14.0";
			developmentRegion = en;
			hasScannedForEncodings = 0;
			knownRegions = (
				en,
				Base,
			);
			mainGroup = A0080E3F2BCA9A6400A26338;
			productRefGroup = A0080E492BCA9A6400A26338 /* Products */;
			projectDirPath = "";
			projectRoot = "";
			targets = (
				A0080E472BCA9A6400A26338 /* SuperHeroesSUI */,
			);
		};
/* End PBXProject section */

/* Begin PBXResourcesBuildPhase section */
		A0080E462BCA9A6400A26338 /* Resources */ = {
			isa = PBXResourcesBuildPhase;
			buildActionMask = 2147483647;
			files = (
			);
			runOnlyForDeploymentPostprocessing = 0;
		};
/* End PBXResourcesBuildPhase section */

/* Begin PBXSourcesBuildPhase section */
		A0080E442BCA9A6400A26338 /* Sources */ = {
			isa = PBXSourcesBuildPhase;
			buildActionMask = 2147483647;
			files = (
				A0FA02422D4241F500DAAE68 /* AppEnvironment.swift in Sources */,
				A0FA02452D42422200DAAE68 /* HeroesListState.swift in Sources */,
				A0FA02622D4245C600DAAE68 /* FavoritesReducerTests.swift in Sources */,
				A0FA02602D4245AA00DAAE68 /* HeroesListReducerTests.swift in Sources */,
				A0FA02472D42422A00DAAE68 /* HeroesListAction.swift in Sources */,
				A0FA023A2D4241B600DAAE68 /* SuperHeroesTCAApp.swift in Sources */,
				A0FA02592D42427300DAAE68 /* NetworkManager.swift in Sources */,
				A0FA02552D42426700DAAE68 /* FavoritesView.swift in Sources */,
				A0FA023E2D4241E400DAAE68 /* AppAction.swift in Sources */,
				A0FA02532D42425F00DAAE68 /* FavoritesReducer.swift in Sources */,
				A0FA02512D42425600DAAE68 /* FavoritesAction.swift in Sources */,
				A0FA02402D4241ED00DAAE68 /* AppReducer.swift in Sources */,
				A0FA02492D42423500DAAE68 /* HeroesListReducer.swift in Sources */,
				A0FA024B2D42423D00DAAE68 /* HeroesListView.swift in Sources */,
				A0FA023C2D4241D400DAAE68 /* AppState.swift in Sources */,
				A0FA024D2D42424700DAAE68 /* HeroesListEnvironment.swift in Sources */,
				A0FA025B2D42427900DAAE68 /* SuperheroInfo.swift in Sources */,
				A0FA025D2D4242A000DAAE68 /* Link.swift in Sources */,
				A0FA024F2D42424E00DAAE68 /* FavoritesState.swift in Sources */,
				A0FA02572D42426D00DAAE68 /* FavoritesEnvironment.swift in Sources */,
			);
			runOnlyForDeploymentPostprocessing = 0;
		};
/* End PBXSourcesBuildPhase section */

/* Begin XCBuildConfiguration section */
		A0080E542BCA9A6500A26338 /* Debug */ = {
			isa = XCBuildConfiguration;
			buildSettings = {
				ALWAYS_SEARCH_USER_PATHS = NO;
				ASSETCATALOG_COMPILER_GENERATE_SWIFT_ASSET_SYMBOL_EXTENSIONS = YES;
				CLANG_ANALYZER_NONNULL = YES;
				CLANG_ANALYZER_NUMBER_OBJECT_CONVERSION = YES_AGGRESSIVE;
				CLANG_CXX_LANGUAGE_STANDARD = "gnu++20";
				CLANG_ENABLE_MODULES = YES;
				CLANG_ENABLE_OBJC_ARC = YES;
				CLANG_ENABLE_OBJC_WEAK = YES;
				CLANG_WARN_BLOCK_CAPTURE_AUTORELEASING = YES;
				CLANG_WARN_BOOL_CONVERSION = YES;
				CLANG_WARN_COMMA = YES;
				CLANG_WARN_CONSTANT_CONVERSION = YES;
				CLANG_WARN_DEPRECATED_OBJC_IMPLEMENTATIONS = YES;
				CLANG_WARN_DIRECT_OBJC_ISA_USAGE = YES_ERROR;
				CLANG_WARN_DOCUMENTATION_COMMENTS = YES;
				CLANG_WARN_EMPTY_BODY = YES;
				CLANG_WARN_ENUM_CONVERSION = YES;
				CLANG_WARN_INFINITE_RECURSION = YES;
				CLANG_WARN_INT_CONVERSION = YES;
				CLANG_WARN_NON_LITERAL_NULL_CONVERSION = YES;
				CLANG_WARN_OBJC_IMPLICIT_RETAIN_SELF = YES;
				CLANG_WARN_OBJC_LITERAL_CONVERSION = YES;
				CLANG_WARN_OBJC_ROOT_CLASS = YES_ERROR;
				CLANG_WARN_QUOTED_INCLUDE_IN_FRAMEWORK_HEADER = YES;
				CLANG_WARN_RANGE_LOOP_ANALYSIS = YES;
				CLANG_WARN_STRICT_PROTOTYPES = YES;
				CLANG_WARN_SUSPICIOUS_MOVE = YES;
				CLANG_WARN_UNGUARDED_AVAILABILITY = YES_AGGRESSIVE;
				CLANG_WARN_UNREACHABLE_CODE = YES;
				CLANG_WARN__DUPLICATE_METHOD_MATCH = YES;
				COPY_PHASE_STRIP = NO;
				DEBUG_INFORMATION_FORMAT = dwarf;
				ENABLE_STRICT_OBJC_MSGSEND = YES;
				ENABLE_TESTABILITY = YES;
				ENABLE_USER_SCRIPT_SANDBOXING = YES;
				GCC_C_LANGUAGE_STANDARD = gnu17;
				GCC_DYNAMIC_NO_PIC = NO;
				GCC_NO_COMMON_BLOCKS = YES;
				GCC_OPTIMIZATION_LEVEL = 0;
				GCC_PREPROCESSOR_DEFINITIONS = (
					"DEBUG=1",
					"$(inherited)",
				);
				GCC_WARN_64_TO_32_BIT_CONVERSION = YES;
				GCC_WARN_ABOUT_RETURN_TYPE = YES_ERROR;
				GCC_WARN_UNDECLARED_SELECTOR = YES;
				GCC_WARN_UNINITIALIZED_AUTOS = YES_AGGRESSIVE;
				GCC_WARN_UNUSED_FUNCTION = YES;
				GCC_WARN_UNUSED_VARIABLE = YES;
				IPHONEOS_DEPLOYMENT_TARGET = 17.4;
				LOCALIZATION_PREFERS_STRING_CATALOGS = YES;
				MTL_ENABLE_DEBUG_INFO = INCLUDE_SOURCE;
				MTL_FAST_MATH = YES;
				ONLY_ACTIVE_ARCH = YES;
				SDKROOT = iphoneos;
				SWIFT_ACTIVE_COMPILATION_CONDITIONS = "DEBUG $(inherited)";
				SWIFT_OPTIMIZATION_LEVEL = "-Onone";
			};
			name = Debug;
		};
		A0080E552BCA9A6500A26338 /* Release */ = {
			isa = XCBuildConfiguration;
			buildSettings = {
				ALWAYS_SEARCH_USER_PATHS = NO;
				ASSETCATALOG_COMPILER_GENERATE_SWIFT_ASSET_SYMBOL_EXTENSIONS = YES;
				CLANG_ANALYZER_NONNULL = YES;
				CLANG_ANALYZER_NUMBER_OBJECT_CONVERSION = YES_AGGRESSIVE;
				CLANG_CXX_LANGUAGE_STANDARD = "gnu++20";
				CLANG_ENABLE_MODULES = YES;
				CLANG_ENABLE_OBJC_ARC = YES;
				CLANG_ENABLE_OBJC_WEAK = YES;
				CLANG_WARN_BLOCK_CAPTURE_AUTORELEASING = YES;
				CLANG_WARN_BOOL_CONVERSION = YES;
				CLANG_WARN_COMMA = YES;
				CLANG_WARN_CONSTANT_CONVERSION = YES;
				CLANG_WARN_DEPRECATED_OBJC_IMPLEMENTATIONS = YES;
				CLANG_WARN_DIRECT_OBJC_ISA_USAGE = YES_ERROR;
				CLANG_WARN_DOCUMENTATION_COMMENTS = YES;
				CLANG_WARN_EMPTY_BODY = YES;
				CLANG_WARN_ENUM_CONVERSION = YES;
				CLANG_WARN_INFINITE_RECURSION = YES;
				CLANG_WARN_INT_CONVERSION = YES;
				CLANG_WARN_NON_LITERAL_NULL_CONVERSION = YES;
				CLANG_WARN_OBJC_IMPLICIT_RETAIN_SELF = YES;
				CLANG_WARN_OBJC_LITERAL_CONVERSION = YES;
				CLANG_WARN_OBJC_ROOT_CLASS = YES_ERROR;
				CLANG_WARN_QUOTED_INCLUDE_IN_FRAMEWORK_HEADER = YES;
				CLANG_WARN_RANGE_LOOP_ANALYSIS = YES;
				CLANG_WARN_STRICT_PROTOTYPES = YES;
				CLANG_WARN_SUSPICIOUS_MOVE = YES;
				CLANG_WARN_UNGUARDED_AVAILABILITY = YES_AGGRESSIVE;
				CLANG_WARN_UNREACHABLE_CODE = YES;
				CLANG_WARN__DUPLICATE_METHOD_MATCH = YES;
				COPY_PHASE_STRIP = NO;
				DEBUG_INFORMATION_FORMAT = "dwarf-with-dsym";
				ENABLE_NS_ASSERTIONS = NO;
				ENABLE_STRICT_OBJC_MSGSEND = YES;
				ENABLE_USER_SCRIPT_SANDBOXING = YES;
				GCC_C_LANGUAGE_STANDARD = gnu17;
				GCC_NO_COMMON_BLOCKS = YES;
				GCC_WARN_64_TO_32_BIT_CONVERSION = YES;
				GCC_WARN_ABOUT_RETURN_TYPE = YES_ERROR;
				GCC_WARN_UNDECLARED_SELECTOR = YES;
				GCC_WARN_UNINITIALIZED_AUTOS = YES_AGGRESSIVE;
				GCC_WARN_UNUSED_FUNCTION = YES;
				GCC_WARN_UNUSED_VARIABLE = YES;
				IPHONEOS_DEPLOYMENT_TARGET = 17.4;
				LOCALIZATION_PREFERS_STRING_CATALOGS = YES;
				MTL_ENABLE_DEBUG_INFO = NO;
				MTL_FAST_MATH = YES;
				SDKROOT = iphoneos;
				SWIFT_COMPILATION_MODE = wholemodule;
				VALIDATE_PRODUCT = YES;
			};
			name = Release;
		};
		A0080E572BCA9A6500A26338 /* Debug */ = {
			isa = XCBuildConfiguration;
			buildSettings = {
				ASSETCATALOG_COMPILER_APPICON_NAME = AppIcon;
				ASSETCATALOG_COMPILER_GLOBAL_ACCENT_COLOR_NAME = AccentColor;
				CLANG_ENABLE_MODULES = YES;
				CODE_SIGN_STYLE = Automatic;
				CURRENT_PROJECT_VERSION = 1;
				DEVELOPMENT_ASSET_PATHS = "\"SuperHeroesSUI/Preview Content\"";
				DEVELOPMENT_TEAM = KSKFLS4ZH5;
				ENABLE_PREVIEWS = YES;
				GENERATE_INFOPLIST_FILE = YES;
				INFOPLIST_KEY_UIApplicationSceneManifest_Generation = YES;
				INFOPLIST_KEY_UIApplicationSupportsIndirectInputEvents = YES;
				INFOPLIST_KEY_UILaunchScreen_Generation = YES;
				INFOPLIST_KEY_UISupportedInterfaceOrientations_iPad = "UIInterfaceOrientationPortrait UIInterfaceOrientationPortraitUpsideDown UIInterfaceOrientationLandscapeLeft UIInterfaceOrientationLandscapeRight";
				INFOPLIST_KEY_UISupportedInterfaceOrientations_iPhone = "UIInterfaceOrientationPortrait UIInterfaceOrientationLandscapeLeft UIInterfaceOrientationLandscapeRight";
				LD_RUNPATH_SEARCH_PATHS = (
					"$(inherited)",
					"@executable_path/Frameworks",
				);
				MARKETING_VERSION = 1.0;
				PRODUCT_BUNDLE_IDENTIFIER = wupiupi.SuperHeroesSUI;
				PRODUCT_NAME = "$(TARGET_NAME)";
				SWIFT_EMIT_LOC_STRINGS = YES;
				SWIFT_OBJC_BRIDGING_HEADER = "SuperHeroesTCA/SuperHeroesSUI-Bridging-Header.h";
				SWIFT_OPTIMIZATION_LEVEL = "-Onone";
				SWIFT_VERSION = 5.0;
				TARGETED_DEVICE_FAMILY = "1,2";
			};
			name = Debug;
		};
		A0080E582BCA9A6500A26338 /* Release */ = {
			isa = XCBuildConfiguration;
			buildSettings = {
				ASSETCATALOG_COMPILER_APPICON_NAME = AppIcon;
				ASSETCATALOG_COMPILER_GLOBAL_ACCENT_COLOR_NAME = AccentColor;
				CLANG_ENABLE_MODULES = YES;
				CODE_SIGN_STYLE = Automatic;
				CURRENT_PROJECT_VERSION = 1;
				DEVELOPMENT_ASSET_PATHS = "\"SuperHeroesSUI/Preview Content\"";
				DEVELOPMENT_TEAM = KSKFLS4ZH5;
				ENABLE_PREVIEWS = YES;
				GENERATE_INFOPLIST_FILE = YES;
				INFOPLIST_KEY_UIApplicationSceneManifest_Generation = YES;
				INFOPLIST_KEY_UIApplicationSupportsIndirectInputEvents = YES;
				INFOPLIST_KEY_UILaunchScreen_Generation = YES;
				INFOPLIST_KEY_UISupportedInterfaceOrientations_iPad = "UIInterfaceOrientationPortrait UIInterfaceOrientationPortraitUpsideDown UIInterfaceOrientationLandscapeLeft UIInterfaceOrientationLandscapeRight";
				INFOPLIST_KEY_UISupportedInterfaceOrientations_iPhone = "UIInterfaceOrientationPortrait UIInterfaceOrientationLandscapeLeft UIInterfaceOrientationLandscapeRight";
				LD_RUNPATH_SEARCH_PATHS = (
					"$(inherited)",
					"@executable_path/Frameworks",
				);
				MARKETING_VERSION = 1.0;
				PRODUCT_BUNDLE_IDENTIFIER = wupiupi.SuperHeroesSUI;
				PRODUCT_NAME = "$(TARGET_NAME)";
				SWIFT_EMIT_LOC_STRINGS = YES;
				SWIFT_OBJC_BRIDGING_HEADER = "SuperHeroesTCA/SuperHeroesSUI-Bridging-Header.h";
				SWIFT_VERSION = 5.0;
				TARGETED_DEVICE_FAMILY = "1,2";
			};
			name = Release;
		};
/* End XCBuildConfiguration section */

/* Begin XCConfigurationList section */
		A0080E432BCA9A6400A26338 /* Build configuration list for PBXProject "SuperHeroesSUI" */ = {
			isa = XCConfigurationList;
			buildConfigurations = (
				A0080E542BCA9A6500A26338 /* Debug */,
				A0080E552BCA9A6500A26338 /* Release */,
			);
			defaultConfigurationIsVisible = 0;
			defaultConfigurationName = Release;
		};
		A0080E562BCA9A6500A26338 /* Build configuration list for PBXNativeTarget "SuperHeroesSUI" */ = {
			isa = XCConfigurationList;
			buildConfigurations = (
				A0080E572BCA9A6500A26338 /* Debug */,
				A0080E582BCA9A6500A26338 /* Release */,
			);
			defaultConfigurationIsVisible = 0;
			defaultConfigurationName = Release;
		};
/* End XCConfigurationList section */
	};
	rootObject = A0080E402BCA9A6400A26338 /* Project object */;
}
